
Microsoft Visual Studio Solution File, Format Version 12.00
# Visual Studio 15
VisualStudioVersion = 15.0.27130.2010
MinimumVisualStudioVersion = 10.0.40219.1
Project("{FAE04EC0-301F-11D3-BF4B-00C04F79EFBC}") = "CrazyMapper", "CrazyMapper\CrazyMapper.csproj", "{95F87B4E-84E1-43DB-8149-0283242A5F7B}"
EndProject
Project("{FAE04EC0-301F-11D3-BF4B-00C04F79EFBC}") = "ConsoleTest", "ConsoleTest\ConsoleTest.csproj", "{D596989B-1010-42B9-A23C-5B137D8816A9}"
EndProject
Global
	GlobalSection(SolutionConfigurationPlatforms) = preSolution
		Debug|Any CPU = Debug|Any CPU
		Release|Any CPU = Release|Any CPU
	EndGlobalSection
	GlobalSection(ProjectConfigurationPlatforms) = postSolution
		{95F87B4E-84E1-43DB-8149-0283242A5F7B}.Debug|Any CPU.ActiveCfg = Debug|Any CPU
		{95F87B4E-84E1-43DB-8149-0283242A5F7B}.Debug|Any CPU.Build.0 = Debug|Any CPU
		{95F87B4E-84E1-43DB-8149-0283242A5F7B}.Release|Any CPU.ActiveCfg = Release|Any CPU
		{95F87B4E-84E1-43DB-8149-0283242A5F7B}.Release|Any CPU.Build.0 = Release|Any CPU
		{D596989B-1010-42B9-A23C-5B137D8816A9}.Debug|Any CPU.ActiveCfg = Debug|Any CPU
		{D596989B-1010-42B9-A23C-5B137D8816A9}.Debug|Any CPU.Build.0 = Debug|Any CPU
		{D596989B-1010-42B9-A23C-5B137D8816A9}.Release|Any CPU.ActiveCfg = Release|Any CPU
		{D596989B-1010-42B9-A23C-5B137D8816A9}.Release|Any CPU.Build.0 = Release|Any CPU
	EndGlobalSection
	GlobalSection(SolutionProperties) = preSolution
		HideSolutionNode = FALSE
	EndGlobalSection
	GlobalSection(ExtensibilityGlobals) = postSolution
		SolutionGuid = {7949F90E-6ABF-4EAF-B3C9-D7E8EFEDE6F7}
	EndGlobalSection
EndGlobal
